
Microsoft Visual Studio Solution File, Format Version 12.00
# Visual Studio Version 16
VisualStudioVersion = 25.0.1705.4
MinimumVisualStudioVersion = 10.0.40219.1
Project("{FAE04EC0-301F-11D3-BF4B-00C04F79EFBC}") = "WebApp", "WebApp\WebApp.csproj", "{8939DA29-F32A-4EE6-A066-C1F52D2DEC2A}"
EndProject
Global
	GlobalSection(SolutionConfigurationPlatforms) = preSolution
		Debug|Any CPU = Debug|Any CPU
		Release|Any CPU = Release|Any CPU
	EndGlobalSection
	GlobalSection(ProjectConfigurationPlatforms) = postSolution
		{8939DA29-F32A-4EE6-A066-C1F52D2DEC2A}.Debug|Any CPU.ActiveCfg = Debug|Any CPU
		{8939DA29-F32A-4EE6-A066-C1F52D2DEC2A}.Debug|Any CPU.Build.0 = Debug|Any CPU
		{8939DA29-F32A-4EE6-A066-C1F52D2DEC2A}.Release|Any CPU.ActiveCfg = Release|Any CPU
		{8939DA29-F32A-4EE6-A066-C1F52D2DEC2A}.Release|Any CPU.Build.0 = Release|Any CPU
	EndGlobalSection
	GlobalSection(SolutionProperties) = preSolution
		HideSolutionNode = FALSE
	EndGlobalSection
	GlobalSection(ExtensibilityGlobals) = postSolution
		SolutionGuid = {7C363209-1106-4F6C-9A78-9854D1F91526}
	EndGlobalSection
EndGlobal
